{"SurveyEntry":{"SurveyID":"SV_098KkY834YOPrH8","SurveyName":"Y&S (2024) - Study 1","SurveyDescription":null,"SurveyOwnerID":"UR_xFh9dNNMyAWCNv5","SurveyBrandID":"wustl","DivisionID":null,"SurveyLanguage":"EN","SurveyActiveResponseSet":"RS_1GKMBUq5KtRxCd0","SurveyStatus":"Active","SurveyStartDate":"0000-00-00 00:00:00","SurveyExpirationDate":"0000-00-00 00:00:00","SurveyCreationDate":"2024-04-24 09:27:13","CreatorID":"UR_xFh9dNNMyAWCNv5","LastModified":"2024-05-19 10:44:31","LastAccessed":"0000-00-00 00:00:00","LastActivated":"2024-04-24 10:16:17","Deleted":null},"SurveyElements":[{"SurveyID":"SV_098KkY834YOPrH8","Element":"BL","PrimaryAttribute":"Survey Blocks","SecondaryAttribute":null,"TertiaryAttribute":null,"Payload":{"0":{"Type":"Default","Description":"consent","ID":"BL_engD1HDe7lvUgAu","BlockElements":[{"Type":"Question","QuestionID":"QID1"}],"Options":{"BlockLocking":"false","RandomizeQuestions":"false","BlockVisibility":"Expanded"}},"1":{"Type":"Trash","Description":"Trash \/ Unused Questions","ID":"BL_eS4TGGdauxNQPfE","BlockElements":[{"Type":"Question","QuestionID":"QID19"},{"Type":"Question","QuestionID":"QID20"},{"Type":"Question","QuestionID":"QID18"}]},"2":{"Type":"Standard","SubType":"","Description":"english","ID":"BL_9AbAIY67Lorj1VY","BlockElements":[{"Type":"Question","QuestionID":"QID2"}],"Options":{"BlockLocking":"false","RandomizeQuestions":"false","BlockVisibility":"Expanded"}},"3":{"Type":"Standard","SubType":"","Description":"prolific_id","ID":"BL_3EgJ8d4Wc6hEPmS","BlockElements":[{"Type":"Question","QuestionID":"QID3"}],"Options":{"BlockLocking":"false","RandomizeQuestions":"false","BlockVisibility":"Expanded"}},"4":{"Type":"Standard","SubType":"","Description":"intro","ID":"BL_7WIkBHYfgJfZuRM","BlockElements":[{"Type":"Question","QuestionID":"QID4"}],"Options":{"BlockLocking":"false","RandomizeQuestions":"false","BlockVisibility":"Expanded"}},"5":{"Type":"Standard","SubType":"","Description":"used","ID":"BL_eYasWNscUGL4DlA","BlockElements":[{"Type":"Question","QuestionID":"QID5"}],"Options":{"BlockLocking":"false","RandomizeQuestions":"false","BlockVisibility":"Expanded"}},"6":{"Type":"Standard","SubType":"","Description":"unused_rp","ID":"BL_0ImqOVn8vBVLIqO","BlockElements":[{"Type":"Question","QuestionID":"QID6"},{"Type":"Page Break"},{"Type":"Question","QuestionID":"QID7"}],"Options":{"BlockLocking":"false","RandomizeQuestions":"false","BlockVisibility":"Expanded"}},"7":{"Type":"Standard","SubType":"","Description":"purchase_likelihood_drink","ID":"BL_ctISlPy4ZUGfEi2","BlockElements":[{"Type":"Question","QuestionID":"QID8"},{"Type":"Question","QuestionID":"QID9"},{"Type":"Question","QuestionID":"QID10"},{"Type":"Question","QuestionID":"QID11"},{"Type":"Question","QuestionID":"QID29"},{"Type":"Question","QuestionID":"QID30"}],"Options":{"BlockLocking":"false","RandomizeQuestions":"false","BlockVisibility":"Expanded"}},"8":{"Type":"Standard","SubType":"","Description":"AC","ID":"BL_3ZXCi8vf1Uzqxbo","BlockElements":[{"Type":"Question","QuestionID":"QID12"}],"Options":{"BlockLocking":"false","RandomizeQuestions":"false","BlockVisibility":"Expanded"}},"9":{"Type":"Standard","SubType":"","Description":"demographics","ID":"BL_8J5obg82le7iLhI","BlockElements":[{"Type":"Question","QuestionID":"QID13"},{"Type":"Page Break"},{"Type":"Question","QuestionID":"QID14"},{"Type":"Page Break"},{"Type":"Question","QuestionID":"QID15"},{"Type":"Question","QuestionID":"QID16"},{"Type":"Question","QuestionID":"QID17"}],"Options":{"BlockLocking":"false","RandomizeQuestions":"false","BlockVisibility":"Expanded"}},"10":{"Type":"Standard","SubType":"","Description":"reasoning","ID":"BL_eCY6IdaNAAvmFeu","BlockElements":[{"Type":"Question","QuestionID":"QID25"},{"Type":"Question","QuestionID":"QID33"},{"Type":"Question","QuestionID":"QID31"},{"Type":"Question","QuestionID":"QID34"},{"Type":"Question","QuestionID":"QID32"},{"Type":"Question","QuestionID":"QID35"},{"Type":"Question","QuestionID":"QID26"}],"Options":{"BlockLocking":"false","RandomizeQuestions":"false","BlockVisibility":"Expanded"}},"13":{"Type":"Standard","SubType":"","Description":"purchase_likelihood_socks","ID":"BL_0891VU9WLpS6gyq","BlockElements":[{"Type":"Question","QuestionID":"QID21"},{"Type":"Question","QuestionID":"QID22"},{"Type":"Question","QuestionID":"QID23"},{"Type":"Question","QuestionID":"QID24"},{"Type":"Question","QuestionID":"QID27"},{"Type":"Question","QuestionID":"QID28"}],"Options":{"BlockLocking":false,"RandomizeQuestions":"false","BlockVisibility":"Expanded"}}}},{"SurveyID":"SV_098KkY834YOPrH8","Element":"FL","PrimaryAttribute":"Survey Flow","SecondaryAttribute":null,"TertiaryAttribute":null,"Payload":{"Type":"Root","FlowID":"FL_1","Flow":[{"Type":"Block","ID":"BL_engD1HDe7lvUgAu","FlowID":"FL_2","Autofill":[]},{"Type":"BlockRandomizer","FlowID":"FL_15","SubSet":1,"Flow":[{"Type":"EmbeddedData","FlowID":"FL_16","EmbeddedData":[{"Description":"drink","Type":"Custom","Field":"drink","VariableType":"String","DataVisibility":[],"AnalyzeText":false,"Value":"1"}]},{"Type":"EmbeddedData","FlowID":"FL_17","EmbeddedData":[{"Description":"drink","Type":"Custom","Field":"drink","VariableType":"String","DataVisibility":[],"AnalyzeText":false,"Value":"0"}]}]},{"Type":"BlockRandomizer","FlowID":"FL_18","SubSet":1,"Flow":[{"Type":"EmbeddedData","FlowID":"FL_19","EmbeddedData":[{"Description":"used","Type":"Custom","Field":"used","VariableType":"String","DataVisibility":[],"AnalyzeText":false,"Value":"1"}]},{"Type":"EmbeddedData","FlowID":"FL_20","EmbeddedData":[{"Description":"used","Type":"Custom","Field":"used","VariableType":"String","DataVisibility":[],"AnalyzeText":false,"Value":"0"}]},{"Type":"EmbeddedData","FlowID":"FL_21","EmbeddedData":[{"Description":"used","Type":"Custom","Field":"used","VariableType":"String","DataVisibility":[],"AnalyzeText":false,"Value":"-1"}]}]},{"Type":"Standard","ID":"BL_9AbAIY67Lorj1VY","FlowID":"FL_3","Autofill":[]},{"Type":"Standard","ID":"BL_3EgJ8d4Wc6hEPmS","FlowID":"FL_4","Autofill":[]},{"Type":"Standard","ID":"BL_7WIkBHYfgJfZuRM","FlowID":"FL_5","Autofill":[]},{"Type":"Branch","FlowID":"FL_24","Description":"New Branch","BranchLogic":{"0":{"0":{"LogicType":"EmbeddedField","LeftOperand":"used","Operator":"EqualTo","RightOperand":"1","_HiddenExpression":false,"Type":"Expression","Description":"<span class=\"ConjDesc\">If<\/span>  <span class=\"LeftOpDesc\">used<\/span> <span class=\"OpDesc\">Is Equal to<\/span> <span class=\"RightOpDesc\"> 1 <\/span>"},"Type":"If"},"Type":"BooleanExpression"},"Flow":[{"Type":"Standard","ID":"BL_eYasWNscUGL4DlA","FlowID":"FL_6","Autofill":[]}]},{"Type":"Branch","FlowID":"FL_25","Description":"New Branch","BranchLogic":{"0":{"0":{"LogicType":"EmbeddedField","LeftOperand":"used","Operator":"EqualTo","RightOperand":"-1","_HiddenExpression":false,"Type":"Expression","Description":"<span class=\"ConjDesc\">If<\/span>  <span class=\"LeftOpDesc\">used<\/span> <span class=\"OpDesc\">Is Equal to<\/span> <span class=\"RightOpDesc\"> -1 <\/span>"},"Type":"If"},"Type":"BooleanExpression"},"Flow":[{"Type":"Standard","ID":"BL_0ImqOVn8vBVLIqO","FlowID":"FL_7","Autofill":[]}]},{"Type":"Branch","FlowID":"FL_22","Description":"New Branch","BranchLogic":{"0":{"0":{"LogicType":"EmbeddedField","LeftOperand":"drink","Operator":"EqualTo","RightOperand":"1","_HiddenExpression":false,"Type":"Expression","Description":"<span class=\"ConjDesc\">If<\/span>  <span class=\"LeftOpDesc\">drink<\/span> <span class=\"OpDesc\">Is Equal to<\/span> <span class=\"RightOpDesc\"> 1 <\/span>"},"Type":"If"},"Type":"BooleanExpression"},"Flow":[{"Type":"Standard","ID":"BL_ctISlPy4ZUGfEi2","FlowID":"FL_8","Autofill":[]}]},{"Type":"Branch","FlowID":"FL_23","Description":"New Branch","BranchLogic":{"0":{"0":{"LogicType":"EmbeddedField","LeftOperand":"drink","Operator":"EqualTo","RightOperand":"0","_HiddenExpression":false,"Type":"Expression","Description":"<span class=\"ConjDesc\">If<\/span>  <span class=\"LeftOpDesc\">drink<\/span> <span class=\"OpDesc\">Is Equal to<\/span> <span class=\"RightOpDesc\"> 0 <\/span>"},"Type":"If"},"Type":"BooleanExpression"},"Flow":[{"Type":"Standard","ID":"BL_0891VU9WLpS6gyq","FlowID":"FL_14","Autofill":[]}]},{"Type":"Standard","ID":"BL_eCY6IdaNAAvmFeu","FlowID":"FL_11","Autofill":[]},{"Type":"Standard","ID":"BL_3ZXCi8vf1Uzqxbo","FlowID":"FL_9","Autofill":[]},{"Type":"Standard","ID":"BL_8J5obg82le7iLhI","FlowID":"FL_10","Autofill":[]}],"Properties":{"Count":25,"RemovedFieldsets":[]}}},{"SurveyID":"SV_098KkY834YOPrH8","Element":"PL","PrimaryAttribute":"Preview Link","SecondaryAttribute":null,"TertiaryAttribute":null,"Payload":{"PreviewType":"Brand","PreviewID":"2a795d1d-10f7-47d3-b170-1bec689b9bc7"}},{"SurveyID":"SV_098KkY834YOPrH8","Element":"SO","PrimaryAttribute":"Survey Options","SecondaryAttribute":null,"TertiaryAttribute":null,"Payload":{"BackButton":"false","SaveAndContinue":"true","SurveyProtection":"PublicSurvey","BallotBoxStuffingPrevention":"true","NoIndex":"Yes","SecureResponseFiles":"true","SurveyExpiration":"None","SurveyTermination":"Redirect","Header":"","Footer":"","ProgressBarDisplay":"None","PartialData":"+1 week","ValidationMessage":null,"PreviousButton":" \u2190 ","NextButton":" \u2192 ","SurveyTitle":"Qualtrics Survey | Qualtrics Experience Management","SkinLibrary":"wustl","SkinType":"templated","Skin":{"brandingId":null,"templateId":"*2014","overrides":null},"NewScoring":1,"SurveyMetaDescription":"The most powerful, simple and trusted way to gather experience data. Start your journey to experience management and try a free account today.","CustomStyles":[],"EOSMessage":null,"ShowExportTags":"false","CollectGeoLocation":"false","PasswordProtection":"No","AnonymizeResponse":"No","RefererCheck":"No","BallotBoxStuffingPreventionBehavior":"DefaultMessage","BallotBoxStuffingPreventionMessage":null,"BallotBoxStuffingPreventionMessageLibrary":null,"BallotBoxStuffingPreventionURL":null,"RecaptchaV3":"false","ConfirmStart":false,"AutoConfirmStart":false,"RelevantID":"false","RelevantIDLockoutPeriod":"+30 days","UseCustomSurveyLinkCompletedMessage":null,"SurveyLinkCompletedMessage":null,"SurveyLinkCompletedMessageLibrary":null,"ResponseSummary":"No","EOSMessageLibrary":null,"EOSRedirectURL":"https:\/\/app.prolific.com\/submissions\/complete?cc=C1Q41R3B","EmailThankYou":"false","ThankYouEmailMessageLibrary":null,"ThankYouEmailMessage":null,"ValidateMessage":"false","ValidationMessageLibrary":null,"InactiveSurvey":"DefaultMessage","PartialDeletion":null,"PartialDataCloseAfter":"LastActivity","InactiveMessageLibrary":null,"InactiveMessage":null,"AvailableLanguages":{"EN":[]},"ProtectSelectionIds":true}},{"SurveyID":"SV_098KkY834YOPrH8","Element":"SCO","PrimaryAttribute":"Scoring","SecondaryAttribute":null,"TertiaryAttribute":null,"Payload":{"ScoringCategories":[],"ScoringCategoryGroups":[],"ScoringSummaryCategory":null,"ScoringSummaryAfterQuestions":0,"ScoringSummaryAfterSurvey":0,"DefaultScoringCategory":null,"AutoScoringCategory":null}},{"SurveyID":"SV_098KkY834YOPrH8","Element":"PROJ","PrimaryAttribute":"CORE","SecondaryAttribute":null,"TertiaryAttribute":"1.1.0","Payload":{"ProjectCategory":"CORE","SchemaVersion":"1.1.0"}},{"SurveyID":"SV_098KkY834YOPrH8","Element":"STAT","PrimaryAttribute":"Survey Statistics","SecondaryAttribute":null,"TertiaryAttribute":null,"Payload":{"MobileCompatible":true,"ID":"Survey Statistics"}},{"SurveyID":"SV_098KkY834YOPrH8","Element":"QC","PrimaryAttribute":"Survey Question Count","SecondaryAttribute":"35","TertiaryAttribute":null,"Payload":null},{"SurveyID":"SV_098KkY834YOPrH8","Element":"SQ","PrimaryAttribute":"QID5","SecondaryAttribute":"\u00a0Suppose you get one $40 gift card to a clothing store from one of your friends.","TertiaryAttribute":null,"Payload":{"QuestionText":"<p>&nbsp;Suppose you get one $40 gift card to a clothing store from one of your friends.<\/p>","DefaultChoices":false,"DataExportTag":"used","QuestionType":"DB","Selector":"TB","DataVisibility":{"Private":false,"Hidden":false},"Configuration":{"QuestionDescriptionOption":"UseText"},"QuestionDescription":"\u00a0Suppose you get one $40 gift card to a clothing store from one of your friends.","ChoiceOrder":[],"Validation":{"Settings":{"Type":"None"}},"GradingData":[],"Language":[],"NextChoiceId":4,"NextAnswerId":1,"QuestionID":"QID5"}},{"SurveyID":"SV_098KkY834YOPrH8","Element":"SQ","PrimaryAttribute":"QID18","SecondaryAttribute":"\u00a0Suppose you get one $40 gift card to a clothing store from one of your friends.","TertiaryAttribute":null,"Payload":{"QuestionText":"<p>&nbsp;Suppose you get one $40 gift card to a clothing store from one of your friends.<\/p>","DefaultChoices":false,"DataExportTag":"used_socks ","QuestionType":"DB","Selector":"TB","DataVisibility":{"Private":false,"Hidden":false},"Configuration":{"QuestionDescriptionOption":"UseText"},"QuestionDescription":"\u00a0Suppose you get one $40 gift card to a clothing store from one of your friends.","ChoiceOrder":[],"Validation":{"Settings":{"Type":"None"}},"GradingData":[],"Language":[],"NextChoiceId":4,"NextAnswerId":1,"QuestionID":"QID18"}},{"SurveyID":"SV_098KkY834YOPrH8","Element":"RS","PrimaryAttribute":"RS_1GKMBUq5KtRxCd0","SecondaryAttribute":"Default Response Set","TertiaryAttribute":null,"Payload":null},{"SurveyID":"SV_098KkY834YOPrH8","Element":"SQ","PrimaryAttribute":"QID15","SecondaryAttribute":"How old are you?","TertiaryAttribute":null,"Payload":{"QuestionText":"How old are you?","DefaultChoices":false,"DataExportTag":"age ","QuestionID":"QID15","QuestionType":"TE","Selector":"SL","DataVisibility":{"Private":false,"Hidden":false},"Configuration":{"QuestionDescriptionOption":"UseText"},"QuestionDescription":"How old are you?","Validation":{"Settings":{"ForceResponse":"ON","ForceResponseType":"ON","Type":"None"}},"GradingData":[],"Language":[],"NextChoiceId":4,"NextAnswerId":1,"SearchSource":{"AllowFreeResponse":"false"}}},{"SurveyID":"SV_098KkY834YOPrH8","Element":"SQ","PrimaryAttribute":"QID26","SecondaryAttribute":"In the text box below, please write 1-2 sentences indicating why you responded in the way that yo...","TertiaryAttribute":null,"Payload":{"QuestionText":"In the text box below, please write 1-2 sentences indicating why you responded in the way that you did. <br><br>We're just looking to get a better understanding of your thought process in responding to this scenario.","DefaultChoices":false,"DataExportTag":"reasoning_write ","QuestionType":"TE","Selector":"ESTB","DataVisibility":{"Private":false,"Hidden":false},"Configuration":{"QuestionDescriptionOption":"UseText","InputWidth":616,"InputHeight":170},"QuestionDescription":"In the text box below, please write 1-2 sentences indicating why you responded in the way that yo...","Validation":{"Settings":{"ForceResponse":"ON","ForceResponseType":"ON","Type":"None"}},"GradingData":[],"Language":[],"NextChoiceId":4,"NextAnswerId":1,"SearchSource":{"AllowFreeResponse":"false"},"QuestionID":"QID26"}},{"SurveyID":"SV_098KkY834YOPrH8","Element":"SQ","PrimaryAttribute":"QID14","SecondaryAttribute":"In this survey, you answered questions about a situation in which your friend gave you a gift car...","TertiaryAttribute":null,"Payload":{"QuestionText":"In this survey, you answered questions about a situation in which your friend gave you a gift card to a clothing store. In the scenario, you had the opportunity to spend the gift card on something that you saw at the check out.<br>\n<br>\n<strong>To the best of your knowledge:<\/strong><br>\nHave you previously completed a survey on Prolific that was largely identical to this survey?<br>\n<br>\n<span style=\"font-size:13px;\"><em>(You response to this question won't influence your payment. We're just trying to ensure that we get accurate and truthful data from respondents. Thanks for understanding.)<\/em><\/span>","DefaultChoices":false,"DataExportTag":"prior ","QuestionID":"QID14","QuestionType":"MC","Selector":"SAHR","SubSelector":"TX","DataVisibility":{"Private":false,"Hidden":false},"Configuration":{"QuestionDescriptionOption":"UseText","LabelPosition":"BELOW"},"QuestionDescription":"In this survey, you answered questions about a situation in which your friend gave you a gift car...","Choices":{"1":{"Display":"Yes, I have"},"2":{"Display":"No, I have not"}},"ChoiceOrder":[1,2],"Validation":{"Settings":{"ForceResponse":"ON","ForceResponseType":"ON","Type":"None"}},"GradingData":[],"Language":[],"NextChoiceId":3,"NextAnswerId":1}},{"SurveyID":"SV_098KkY834YOPrH8","Element":"SQ","PrimaryAttribute":"QID8","SecondaryAttribute":"Last month you spent $32 of this gift card at the clothing store.","TertiaryAttribute":null,"Payload":{"QuestionText":"<p>Last month you spent $32 of this gift card at the clothing store.<\/p>","DefaultChoices":false,"DataExportTag":"used_drink","QuestionType":"DB","Selector":"TB","DataVisibility":{"Private":false,"Hidden":false},"Configuration":{"QuestionDescriptionOption":"UseText"},"QuestionDescription":"Last month you spent $32 of this gift card at the clothing store.","ChoiceOrder":[],"Validation":{"Settings":{"Type":"None"}},"GradingData":[],"Language":[],"NextChoiceId":4,"NextAnswerId":1,"QuestionID":"QID8","DisplayLogic":{"0":{"0":{"LogicType":"EmbeddedField","LeftOperand":"drink","Operator":"EqualTo","RightOperand":"1","Type":"Expression","Description":"<span class=\"ConjDesc\">If<\/span>  <span class=\"LeftOpDesc\">drink<\/span> <span class=\"OpDesc\">Is Equal to<\/span> <span class=\"RightOpDesc\"> 1 <\/span>"},"1":{"LogicType":"EmbeddedField","LeftOperand":"used","Operator":"EqualTo","RightOperand":"1","Type":"Expression","Description":"<span class=\"ConjDesc\">And<\/span>  <span class=\"LeftOpDesc\">used<\/span> <span class=\"OpDesc\">Is Equal to<\/span> <span class=\"RightOpDesc\"> 1 <\/span>","Conjuction":"And"},"Type":"If"},"Type":"BooleanExpression","inPage":false}}},{"SurveyID":"SV_098KkY834YOPrH8","Element":"SQ","PrimaryAttribute":"QID21","SecondaryAttribute":"Last month you spent $32 of this gift card at the clothing store.","TertiaryAttribute":null,"Payload":{"QuestionText":"<p>Last month you spent $32 of this gift card at the clothing store.<\/p>","DefaultChoices":false,"QuestionType":"DB","Selector":"TB","DataVisibility":{"Private":false,"Hidden":false},"Configuration":{"QuestionDescriptionOption":"UseText"},"QuestionDescription":"Last month you spent $32 of this gift card at the clothing store.","ChoiceOrder":[],"Validation":{"Settings":{"Type":"None"}},"GradingData":[],"Language":[],"NextChoiceId":4,"NextAnswerId":1,"QuestionText_Unsafe":"<p>Last month you spent $32 of this gift card at the clothing store.<\/p>","DataExportTag":"used_socks ","QuestionID":"QID21","DisplayLogic":{"0":{"0":{"LogicType":"EmbeddedField","LeftOperand":"drink","Operator":"EqualTo","RightOperand":"0","Type":"Expression","Description":"<span class=\"ConjDesc\">If<\/span>  <span class=\"LeftOpDesc\">drink<\/span> <span class=\"OpDesc\">Is Equal to<\/span> <span class=\"RightOpDesc\"> 0 <\/span>"},"1":{"LogicType":"EmbeddedField","LeftOperand":"used","Operator":"EqualTo","RightOperand":"1","Type":"Expression","Description":"<span class=\"ConjDesc\">And<\/span>  <span class=\"LeftOpDesc\">used<\/span> <span class=\"OpDesc\">Is Equal to<\/span> <span class=\"RightOpDesc\"> 1 <\/span>","Conjuction":"And"},"Type":"If"},"Type":"BooleanExpression","inPage":false}}},{"SurveyID":"SV_098KkY834YOPrH8","Element":"SQ","PrimaryAttribute":"QID7","SecondaryAttribute":"Last month you spent $32 of this gift card at the clothing store. You no longer have any money av...","TertiaryAttribute":null,"Payload":{"QuestionText":"<p>Last month you spent $32 of this gift card at the clothing store. You no longer have any money available on this gift card.<\/p>","DefaultChoices":false,"DataExportTag":"unused_rp_2","QuestionType":"DB","Selector":"TB","DataVisibility":{"Private":false,"Hidden":false},"Configuration":{"QuestionDescriptionOption":"UseText"},"QuestionDescription":"Last month you spent $32 of this gift card at the clothing store. You no longer have any money av...","ChoiceOrder":[],"Validation":{"Settings":{"Type":"None"}},"GradingData":[],"Language":[],"NextChoiceId":4,"NextAnswerId":1,"QuestionID":"QID7"}},{"SurveyID":"SV_098KkY834YOPrH8","Element":"SQ","PrimaryAttribute":"QID20","SecondaryAttribute":"Last month you spent $32 of this gift card at the clothing store. You no longer have any money av...","TertiaryAttribute":null,"Payload":{"QuestionText":"<p>Last month you spent $32 of this gift card at the clothing store. You no longer have any money available on this gift card.<\/p>","DefaultChoices":false,"DataExportTag":"unused_rp_2_socks ","QuestionType":"DB","Selector":"TB","DataVisibility":{"Private":false,"Hidden":false},"Configuration":{"QuestionDescriptionOption":"UseText"},"QuestionDescription":"Last month you spent $32 of this gift card at the clothing store. You no longer have any money av...","ChoiceOrder":[],"Validation":{"Settings":{"Type":"None"}},"GradingData":[],"Language":[],"NextChoiceId":4,"NextAnswerId":1,"QuestionID":"QID20"}},{"SurveyID":"SV_098KkY834YOPrH8","Element":"SQ","PrimaryAttribute":"QID1","SecondaryAttribute":"Research Study Information \u00a0 We invite you to participate in a research study being conducted by...","TertiaryAttribute":null,"Payload":{"QuestionText":"<meta charset=\"UTF-8\" \/>\n<p style=\"text-align: center;\"><u><strong>Research Study Information<\/strong><\/u><\/p>\n\n<p>&nbsp;<\/p>\n\n<p>We invite you to participate in a research study being conducted by investigators from Washington University in St. Louis. If you agree to participate in this study, you will be asked to answer questions about consumer behavior and judgment and decision-making.<br \/>\n<br \/>\nIf you have any questions about the research study itself, please contact: Stephen Baum, sbaum@wustl.edu. If you have questions, concerns, or complaints about your rights as a research participant, please contact the Human Research Protection Office at 1-800-438-0445 or email hrpo@wustl.edu. Thank you very much for your consideration of this research study.<br \/>\n<br \/>\nIf you understand this and consent to participating, please click the &quot;&gt;&gt;&quot; to advance.<\/p>","DefaultChoices":false,"DataExportTag":"consent","QuestionID":"QID1","QuestionType":"DB","Selector":"TB","DataVisibility":{"Private":false,"Hidden":false},"Configuration":{"QuestionDescriptionOption":"UseText"},"QuestionDescription":"Research Study Information \u00a0 We invite you to participate in a research study being conducted by...","ChoiceOrder":[],"Validation":{"Settings":{"Type":"None"}},"GradingData":[],"Language":[],"NextChoiceId":4,"NextAnswerId":1}},{"SurveyID":"SV_098KkY834YOPrH8","Element":"SQ","PrimaryAttribute":"QID10","SecondaryAttribute":"Suppose you also get one $8 gift card to the same clothing store from one of your friends.","TertiaryAttribute":null,"Payload":{"QuestionText":"<p>Suppose you also get one $8 gift card to the same clothing store from one of your friends.<\/p>","DefaultChoices":false,"DataExportTag":"unused_rp_drink","QuestionID":"QID10","QuestionType":"DB","Selector":"TB","DataVisibility":{"Private":false,"Hidden":false},"Configuration":{"QuestionDescriptionOption":"UseText"},"QuestionDescription":"Suppose you also get one $8 gift card to the same clothing store from one of your friends.","ChoiceOrder":[],"Validation":{"Settings":{"Type":"None"}},"GradingData":[],"Language":[],"NextChoiceId":4,"NextAnswerId":1,"DisplayLogic":{"0":{"0":{"Description":"<span class=\"ConjDesc\">If<\/span>  <span class=\"LeftOpDesc\">drink<\/span> <span class=\"OpDesc\">Is Equal to<\/span> <span class=\"RightOpDesc\"> 1 <\/span>","LeftOperand":"drink","LogicType":"EmbeddedField","Operator":"EqualTo","RightOperand":"1","Type":"Expression"},"1":{"Conjuction":"And","Description":"<span class=\"ConjDesc\">And<\/span>  <span class=\"LeftOpDesc\">used<\/span> <span class=\"OpDesc\">Is Equal to<\/span> <span class=\"RightOpDesc\"> -1 <\/span>","LeftOperand":"used","LogicType":"EmbeddedField","Operator":"EqualTo","RightOperand":"-1","Type":"Expression"},"Type":"If"},"Type":"BooleanExpression","inPage":false}}},{"SurveyID":"SV_098KkY834YOPrH8","Element":"SQ","PrimaryAttribute":"QID23","SecondaryAttribute":"Suppose you also get one $8 gift card to the same clothing store from one of your friends.","TertiaryAttribute":null,"Payload":{"QuestionText":"<p>Suppose you also get one $8 gift card to the same clothing store from one of your friends.<\/p>","DefaultChoices":false,"QuestionType":"DB","Selector":"TB","DataVisibility":{"Private":false,"Hidden":false},"Configuration":{"QuestionDescriptionOption":"UseText"},"QuestionDescription":"Suppose you also get one $8 gift card to the same clothing store from one of your friends.","ChoiceOrder":[],"Validation":{"Settings":{"Type":"None"}},"GradingData":[],"Language":[],"NextChoiceId":4,"NextAnswerId":1,"QuestionText_Unsafe":"<p>Suppose you also get one $8 gift card to the same clothing store from one of your friends.<\/p>","DataExportTag":"unused_rp_socks","QuestionID":"QID23","DisplayLogic":{"0":{"0":{"LogicType":"EmbeddedField","LeftOperand":"drink","Operator":"EqualTo","RightOperand":"0","Type":"Expression","Description":"<span class=\"ConjDesc\">If<\/span>  <span class=\"LeftOpDesc\">drink<\/span> <span class=\"OpDesc\">Is Equal to<\/span> <span class=\"RightOpDesc\"> 0 <\/span>"},"1":{"LogicType":"EmbeddedField","LeftOperand":"used","Operator":"EqualTo","RightOperand":"-1","Type":"Expression","Description":"<span class=\"ConjDesc\">And<\/span>  <span class=\"LeftOpDesc\">used<\/span> <span class=\"OpDesc\">Is Equal to<\/span> <span class=\"RightOpDesc\"> -1 <\/span>","Conjuction":"And"},"Type":"If"},"Type":"BooleanExpression","inPage":false}}},{"SurveyID":"SV_098KkY834YOPrH8","Element":"SQ","PrimaryAttribute":"QID6","SecondaryAttribute":"Suppose you get one $32 gift card to a clothing store from one of your friends.","TertiaryAttribute":null,"Payload":{"QuestionText":"<p>Suppose you get one $32 gift card to a clothing store from one of your friends.<\/p>","DefaultChoices":false,"DataExportTag":"unused_rp_1","QuestionType":"DB","Selector":"TB","DataVisibility":{"Private":false,"Hidden":false},"Configuration":{"QuestionDescriptionOption":"UseText"},"QuestionDescription":"Suppose you get one $32 gift card to a clothing store from one of your friends.","ChoiceOrder":[],"Validation":{"Settings":{"Type":"None"}},"GradingData":[],"Language":[],"NextChoiceId":4,"NextAnswerId":1,"QuestionID":"QID6"}},{"SurveyID":"SV_098KkY834YOPrH8","Element":"SQ","PrimaryAttribute":"QID19","SecondaryAttribute":"Suppose you get one $32 gift card to a clothing store from one of your friends.","TertiaryAttribute":null,"Payload":{"QuestionText":"<p>Suppose you get one $32 gift card to a clothing store from one of your friends.<\/p>","DefaultChoices":false,"DataExportTag":"unused_rp_1_socks ","QuestionType":"DB","Selector":"TB","DataVisibility":{"Private":false,"Hidden":false},"Configuration":{"QuestionDescriptionOption":"UseText"},"QuestionDescription":"Suppose you get one $32 gift card to a clothing store from one of your friends.","ChoiceOrder":[],"Validation":{"Settings":{"Type":"None"}},"GradingData":[],"Language":[],"NextChoiceId":4,"NextAnswerId":1,"QuestionID":"QID19"}},{"SurveyID":"SV_098KkY834YOPrH8","Element":"SQ","PrimaryAttribute":"QID9","SecondaryAttribute":"Suppose you get one $8 gift card to a clothing store from one of your friends.","TertiaryAttribute":null,"Payload":{"QuestionText":"<p>Suppose you get one $8 gift card to a clothing store from one of your friends.<\/p>","DefaultChoices":false,"DataExportTag":"unused_no_rp_drink","QuestionType":"DB","Selector":"TB","DataVisibility":{"Private":false,"Hidden":false},"Configuration":{"QuestionDescriptionOption":"UseText"},"QuestionDescription":"Suppose you get one $8 gift card to a clothing store from one of your friends.","ChoiceOrder":[],"Validation":{"Settings":{"Type":"None"}},"GradingData":[],"Language":[],"NextChoiceId":4,"NextAnswerId":1,"QuestionID":"QID9","DisplayLogic":{"0":{"0":{"LogicType":"EmbeddedField","LeftOperand":"drink","Operator":"EqualTo","RightOperand":"1","Type":"Expression","Description":"<span class=\"ConjDesc\">If<\/span>  <span class=\"LeftOpDesc\">drink<\/span> <span class=\"OpDesc\">Is Equal to<\/span> <span class=\"RightOpDesc\"> 1 <\/span>"},"1":{"LogicType":"EmbeddedField","LeftOperand":"used","Operator":"EqualTo","RightOperand":"0","Type":"Expression","Description":"<span class=\"ConjDesc\">And<\/span>  <span class=\"LeftOpDesc\">used<\/span> <span class=\"OpDesc\">Is Equal to<\/span> <span class=\"RightOpDesc\"> 0 <\/span>","Conjuction":"And"},"Type":"If"},"Type":"BooleanExpression","inPage":false}}},{"SurveyID":"SV_098KkY834YOPrH8","Element":"SQ","PrimaryAttribute":"QID22","SecondaryAttribute":"Suppose you get one $8 gift card to a clothing store from one of your friends.","TertiaryAttribute":null,"Payload":{"QuestionText":"<p>Suppose you get one $8 gift card to a clothing store from one of your friends.<\/p>","DefaultChoices":false,"QuestionType":"DB","Selector":"TB","DataVisibility":{"Private":false,"Hidden":false},"Configuration":{"QuestionDescriptionOption":"UseText"},"QuestionDescription":"Suppose you get one $8 gift card to a clothing store from one of your friends.","ChoiceOrder":[],"Validation":{"Settings":{"Type":"None"}},"GradingData":[],"Language":[],"NextChoiceId":4,"NextAnswerId":1,"QuestionText_Unsafe":"<p>Suppose you get one $8 gift card to a clothing store from one of your friends.<\/p>","DataExportTag":"unused_no_rp_socks","QuestionID":"QID22","DisplayLogic":{"0":{"0":{"LogicType":"EmbeddedField","LeftOperand":"drink","Operator":"EqualTo","RightOperand":"0","Type":"Expression","Description":"<span class=\"ConjDesc\">If<\/span>  <span class=\"LeftOpDesc\">drink<\/span> <span class=\"OpDesc\">Is Equal to<\/span> <span class=\"RightOpDesc\"> 0 <\/span>"},"1":{"LogicType":"EmbeddedField","LeftOperand":"used","Operator":"EqualTo","RightOperand":"0","Type":"Expression","Description":"<span class=\"ConjDesc\">And<\/span>  <span class=\"LeftOpDesc\">used<\/span> <span class=\"OpDesc\">Is Equal to<\/span> <span class=\"RightOpDesc\"> 0 <\/span>","Conjuction":"And"},"Type":"If"},"Type":"BooleanExpression","inPage":false}}},{"SurveyID":"SV_098KkY834YOPrH8","Element":"SQ","PrimaryAttribute":"QID25","SecondaryAttribute":"Thanks for your response. Now, we'd like to learn a little bit more about why you responded the w...","TertiaryAttribute":null,"Payload":{"QuestionText":"Thanks for your response. Now, we'd like to learn a little bit more about why you responded the way that you did.<br>\n<br>\nFor your reference, the scenario that you saw is below (in light grey and italics).<br>\n<br><em><span style=\"color:#95a5a6;\">Suppose you get one $40 gift card to a clothing store from one of your friends.<br>\n<br>\nLast month you spent $32 of this gift card at the clothing store.<br>\n<br>\nYou visit the clothing store today. As you are checking out at the clothing store, you see that the clothing retailer is selling some nice socks (e.g., no-show socks, ankle socks). All of the socks cost $5 a pair and you can use your gift card to pay for it.<\/span><\/em><br>\n<br>\nYou indicated the following likelihood of purchasing a pair of nice socks:&nbsp;<br>\n<br>\n${q:\/\/QID24\/ChoiceNumericEntryValue\/1} out of 100","DefaultChoices":false,"DataExportTag":"rs_used_socks","QuestionType":"DB","Selector":"TB","DataVisibility":{"Private":false,"Hidden":false},"Configuration":{"QuestionDescriptionOption":"UseText"},"QuestionDescription":"Thanks for your response. Now, we'd like to learn a little bit more about why you responded the w...","ChoiceOrder":[],"Validation":{"Settings":{"Type":"None"}},"GradingData":[],"Language":[],"NextChoiceId":4,"NextAnswerId":1,"QuestionID":"QID25","DisplayLogic":{"0":{"0":{"Description":"<span class=\"ConjDesc\">If<\/span>  <span class=\"LeftOpDesc\">drink<\/span> <span class=\"OpDesc\">Is Equal to<\/span> <span class=\"RightOpDesc\"> 0 <\/span>","LeftOperand":"drink","LogicType":"EmbeddedField","Operator":"EqualTo","RightOperand":"0","Type":"Expression"},"1":{"Conjuction":"And","Description":"<span class=\"ConjDesc\">And<\/span>  <span class=\"LeftOpDesc\">used<\/span> <span class=\"OpDesc\">Is Equal to<\/span> <span class=\"RightOpDesc\"> 1 <\/span>","LeftOperand":"used","LogicType":"EmbeddedField","Operator":"EqualTo","RightOperand":"1","Type":"Expression"},"Type":"If"},"Type":"BooleanExpression","inPage":false}}},{"SurveyID":"SV_098KkY834YOPrH8","Element":"SQ","PrimaryAttribute":"QID31","SecondaryAttribute":"Thanks for your response. Now, we'd like to learn a little bit more about why you responded the w...","TertiaryAttribute":null,"Payload":{"QuestionText":"Thanks for your response. Now, we'd like to learn a little bit more about why you responded the way that you did.<br>\n<br>\nFor your reference, the scenario that you saw is below (in light grey and italics).<br>\n<br>\n<em><span style=\"color:#95a5a6;\">Suppose you get one $8 gift card to a clothing store from one of your friends.<\/span><\/em><br>\n<br>\n<em><span style=\"color:#95a5a6;\">You visit the clothing store today. As you are checking out at the clothing store, you see that the clothing retailer is selling some nice socks (e.g., no-show socks, ankle socks). All of the socks cost $5 a pair and you can use your gift card to pay for it.<\/span><\/em><br>\n<br>\nYou indicated the following likelihood of purchasing a pair of nice socks:&nbsp;<br>\n<br>${q:\/\/QID27\/ChoiceNumericEntryValue\/1} out of 100<br>","DefaultChoices":false,"DataExportTag":"rs_un_no_rp_socks","QuestionType":"DB","Selector":"TB","DataVisibility":{"Private":false,"Hidden":false},"Configuration":{"QuestionDescriptionOption":"UseText"},"QuestionDescription":"Thanks for your response. Now, we'd like to learn a little bit more about why you responded the w...","DisplayLogic":{"0":{"0":{"Description":"<span class=\"ConjDesc\">If<\/span>  <span class=\"LeftOpDesc\">drink<\/span> <span class=\"OpDesc\">Is Equal to<\/span> <span class=\"RightOpDesc\"> 0 <\/span>","LeftOperand":"drink","LogicType":"EmbeddedField","Operator":"EqualTo","RightOperand":"0","Type":"Expression"},"1":{"Conjuction":"And","Description":"<span class=\"ConjDesc\">And<\/span>  <span class=\"LeftOpDesc\">used<\/span> <span class=\"OpDesc\">Is Equal to<\/span> <span class=\"RightOpDesc\"> 0 <\/span>","LeftOperand":"used","LogicType":"EmbeddedField","Operator":"EqualTo","RightOperand":"0","Type":"Expression"},"Type":"If"},"Type":"BooleanExpression","inPage":false},"ChoiceOrder":[],"Validation":{"Settings":{"Type":"None"}},"GradingData":[],"Language":[],"NextChoiceId":4,"NextAnswerId":1,"QuestionID":"QID31"}},{"SurveyID":"SV_098KkY834YOPrH8","Element":"SQ","PrimaryAttribute":"QID32","SecondaryAttribute":"Thanks for your response. Now, we'd like to learn a little bit more about why you responded the w...","TertiaryAttribute":null,"Payload":{"QuestionText":"Thanks for your response. Now, we'd like to learn a little bit more about why you responded the way that you did.<br>\n<br>\nFor your reference, the scenario that you saw is below (in light grey and italics).<br>\n<br>\n<em><span style=\"color:#95a5a6;\">Suppose you get one $32 gift card to a clothing store from one of your friends.<br>\n<br>\nLast month you spent $32 of this gift card at the clothing store. You no longer have any money available on this gift card.<br>\n<br>\nSuppose you also get one $8 gift card to the same clothing store from one of your friends.<\/span><\/em><br>\n<br>\n<em><span style=\"color:#95a5a6;\">You visit the clothing store today. As you are checking out at the clothing store, you see that the clothing retailer is selling some nice socks (e.g., no-show socks, ankle socks). All of the socks cost $5 a pair and you can use your gift card to pay for it.<\/span><\/em><br>\n<br>\nYou indicated the following likelihood of purchasing a pair of nice socks:&nbsp;<br>\n<br>${q:\/\/QID28\/ChoiceNumericEntryValue\/1} out of 100<br>","DefaultChoices":false,"DataExportTag":"rs_un_rp_socks","QuestionType":"DB","Selector":"TB","DataVisibility":{"Private":false,"Hidden":false},"Configuration":{"QuestionDescriptionOption":"UseText"},"QuestionDescription":"Thanks for your response. Now, we'd like to learn a little bit more about why you responded the w...","DisplayLogic":{"0":{"0":{"Description":"<span class=\"ConjDesc\">If<\/span>  <span class=\"LeftOpDesc\">drink<\/span> <span class=\"OpDesc\">Is Equal to<\/span> <span class=\"RightOpDesc\"> 0 <\/span>","LeftOperand":"drink","LogicType":"EmbeddedField","Operator":"EqualTo","RightOperand":"0","Type":"Expression"},"1":{"Conjuction":"And","Description":"<span class=\"ConjDesc\">And<\/span>  <span class=\"LeftOpDesc\">used<\/span> <span class=\"OpDesc\">Is Equal to<\/span> <span class=\"RightOpDesc\"> -1 <\/span>","LeftOperand":"used","LogicType":"EmbeddedField","Operator":"EqualTo","RightOperand":"-1","Type":"Expression"},"Type":"If"},"Type":"BooleanExpression","inPage":false},"ChoiceOrder":[],"Validation":{"Settings":{"Type":"None"}},"GradingData":[],"Language":[],"NextChoiceId":4,"NextAnswerId":1,"QuestionID":"QID32"}},{"SurveyID":"SV_098KkY834YOPrH8","Element":"SQ","PrimaryAttribute":"QID33","SecondaryAttribute":"Thanks for your response. Now, we'd like to learn a little bit more about why you responded the w...","TertiaryAttribute":null,"Payload":{"QuestionText":"Thanks for your response. Now, we'd like to learn a little bit more about why you responded the way that you did.<br>\n<br>\nFor your reference, the scenario that you saw is below (in light grey and italics).<br>\n<br>\n<em><span style=\"color:#95a5a6;\">Suppose you get one $40 gift card to a clothing store from one of your friends.<br>\n<br>\nLast month you spent $32 of this gift card at the clothing store.<br>\n<br>\nYou visit the clothing store today. As you are checking out at the clothing store, you see that the clothing retailer is selling some tasty drinks (e.g., smoothie, latte). All of the drinks cost $5 and you can use your gift card to pay for it.<\/span><\/em><br>\n<br>\nYou indicated the following likelihood of purchasing a tasty drink:&nbsp;<br>\n<br>\n${q:\/\/QID11\/ChoiceNumericEntryValue\/1} out of 100","DefaultChoices":false,"DataExportTag":"rs_used_drink ","QuestionType":"DB","Selector":"TB","DataVisibility":{"Private":false,"Hidden":false},"Configuration":{"QuestionDescriptionOption":"UseText"},"QuestionDescription":"Thanks for your response. Now, we'd like to learn a little bit more about why you responded the w...","DisplayLogic":{"0":{"0":{"Description":"<span class=\"ConjDesc\">If<\/span>  <span class=\"LeftOpDesc\">drink<\/span> <span class=\"OpDesc\">Is Equal to<\/span> <span class=\"RightOpDesc\"> 1 <\/span>","LeftOperand":"drink","LogicType":"EmbeddedField","Operator":"EqualTo","RightOperand":"1","Type":"Expression"},"1":{"Conjuction":"And","Description":"<span class=\"ConjDesc\">And<\/span>  <span class=\"LeftOpDesc\">used<\/span> <span class=\"OpDesc\">Is Equal to<\/span> <span class=\"RightOpDesc\"> 1 <\/span>","LeftOperand":"used","LogicType":"EmbeddedField","Operator":"EqualTo","RightOperand":"1","Type":"Expression"},"Type":"If"},"Type":"BooleanExpression","inPage":false},"ChoiceOrder":[],"Validation":{"Settings":{"Type":"None"}},"GradingData":[],"Language":[],"NextChoiceId":4,"NextAnswerId":1,"QuestionID":"QID33"}},{"SurveyID":"SV_098KkY834YOPrH8","Element":"SQ","PrimaryAttribute":"QID34","SecondaryAttribute":"Thanks for your response. Now, we'd like to learn a little bit more about why you responded the w...","TertiaryAttribute":null,"Payload":{"QuestionText":"Thanks for your response. Now, we'd like to learn a little bit more about why you responded the way that you did.<br>\n<br>\nFor your reference, the scenario that you saw is below (in light grey and italics).<br>\n<br>\n<em><span style=\"color:#95a5a6;\">Suppose you get one $8 gift card to a clothing store from one of your friends.<\/span><\/em><br>\n<br>\n<em><span style=\"color:#95a5a6;\">You visit the clothing store today. As you are checking out at the clothing store, you see that the clothing retailer is selling some tasty drinks (e.g., smoothie, latte). All of the drinks cost $5 and you can use your gift card to pay for it.<\/span><\/em><br>\n<br>\nYou indicated the following likelihood of purchasing a tasty drink:&nbsp;<br>\n<br>\n${q:\/\/QID29\/ChoiceNumericEntryValue\/1} out of 100","DefaultChoices":false,"DataExportTag":"rs_un_no_rp_drink ","QuestionType":"DB","Selector":"TB","DataVisibility":{"Private":false,"Hidden":false},"Configuration":{"QuestionDescriptionOption":"UseText"},"QuestionDescription":"Thanks for your response. Now, we'd like to learn a little bit more about why you responded the w...","DisplayLogic":{"0":{"0":{"Description":"<span class=\"ConjDesc\">If<\/span>  <span class=\"LeftOpDesc\">drink<\/span> <span class=\"OpDesc\">Is Equal to<\/span> <span class=\"RightOpDesc\"> 1 <\/span>","LeftOperand":"drink","LogicType":"EmbeddedField","Operator":"EqualTo","RightOperand":"1","Type":"Expression"},"1":{"Conjuction":"And","Description":"<span class=\"ConjDesc\">And<\/span>  <span class=\"LeftOpDesc\">used<\/span> <span class=\"OpDesc\">Is Equal to<\/span> <span class=\"RightOpDesc\"> 0 <\/span>","LeftOperand":"used","LogicType":"EmbeddedField","Operator":"EqualTo","RightOperand":"0","Type":"Expression"},"Type":"If"},"Type":"BooleanExpression","inPage":false},"ChoiceOrder":[],"Validation":{"Settings":{"Type":"None"}},"GradingData":[],"Language":[],"NextChoiceId":4,"NextAnswerId":1,"QuestionID":"QID34"}},{"SurveyID":"SV_098KkY834YOPrH8","Element":"SQ","PrimaryAttribute":"QID35","SecondaryAttribute":"Thanks for your response. Now, we'd like to learn a little bit more about why you responded the w...","TertiaryAttribute":null,"Payload":{"QuestionText":"Thanks for your response. Now, we'd like to learn a little bit more about why you responded the way that you did.<br>\n<br>\nFor your reference, the scenario that you saw is below (in light grey and italics).<br>\n<br>\n<em><span style=\"color:#95a5a6;\">Suppose you get one $32 gift card to a clothing store from one of your friends.<br>\n<br>\nLast month you spent $32 of this gift card at the clothing store. You no longer have any money available on this gift card.<br>\n<br>\nSuppose you also get one $8 gift card to the same clothing store from one of your friends.<\/span><\/em><br>\n<br>\n<em><span style=\"color:#95a5a6;\">You visit the clothing store today. As you are checking out at the clothing store, you see that the clothing retailer is selling some tasty drinks (e.g., smoothie, latte). All of the drinks cost $5 and you can use your gift card to pay for it.<\/span><\/em><br>\n<br>\nYou indicated the following likelihood of purchasing a tasty drink:&nbsp;<br>\n<br>${q:\/\/QID30\/ChoiceNumericEntryValue\/1} out of 100<br>","DefaultChoices":false,"DataExportTag":"rs_un_rp_drink ","QuestionType":"DB","Selector":"TB","DataVisibility":{"Private":false,"Hidden":false},"Configuration":{"QuestionDescriptionOption":"UseText"},"QuestionDescription":"Thanks for your response. Now, we'd like to learn a little bit more about why you responded the w...","DisplayLogic":{"0":{"0":{"Description":"<span class=\"ConjDesc\">If<\/span>  <span class=\"LeftOpDesc\">drink<\/span> <span class=\"OpDesc\">Is Equal to<\/span> <span class=\"RightOpDesc\"> 1 <\/span>","LeftOperand":"drink","LogicType":"EmbeddedField","Operator":"EqualTo","RightOperand":"1","Type":"Expression"},"1":{"Conjuction":"And","Description":"<span class=\"ConjDesc\">And<\/span>  <span class=\"LeftOpDesc\">used<\/span> <span class=\"OpDesc\">Is Equal to<\/span> <span class=\"RightOpDesc\"> -1 <\/span>","LeftOperand":"used","LogicType":"EmbeddedField","Operator":"EqualTo","RightOperand":"-1","Type":"Expression"},"Type":"If"},"Type":"BooleanExpression","inPage":false},"ChoiceOrder":[],"Validation":{"Settings":{"Type":"None"}},"GradingData":[],"Language":[],"NextChoiceId":4,"NextAnswerId":1,"QuestionID":"QID35"}},{"SurveyID":"SV_098KkY834YOPrH8","Element":"SQ","PrimaryAttribute":"QID13","SecondaryAttribute":"Thanks! Now we would like to learn about you. Your responses will be kept confidential.","TertiaryAttribute":null,"Payload":{"QuestionText":"<p>Thanks! Now we would like to learn about you. Your responses will be kept confidential.<\/p>","DefaultChoices":false,"DataExportTag":"demographics ","QuestionType":"DB","Selector":"TB","DataVisibility":{"Private":false,"Hidden":false},"Configuration":{"QuestionDescriptionOption":"UseText"},"QuestionDescription":"Thanks! Now we would like to learn about you. Your responses will be kept confidential.","ChoiceOrder":["4","5","6","7","8"],"Validation":{"Settings":{"Type":"None"}},"GradingData":[],"Language":[],"NextChoiceId":9,"NextAnswerId":1,"QuestionID":"QID13"}},{"SurveyID":"SV_098KkY834YOPrH8","Element":"SQ","PrimaryAttribute":"QID17","SecondaryAttribute":"Was anything in this study unclear or confusing? Your response will not affect your payment or fu...","TertiaryAttribute":null,"Payload":{"QuestionText":"Was anything in this study unclear or confusing? Your response will not affect your payment or future participation, so please answer honestly. Answering is optional.","DefaultChoices":false,"DataExportTag":"confusion ","QuestionID":"QID17","QuestionType":"TE","Selector":"ESTB","DataVisibility":{"Private":false,"Hidden":false},"Configuration":{"QuestionDescriptionOption":"UseText","InputWidth":625,"InputHeight":132},"QuestionDescription":"Was anything in this study unclear or confusing? Your response will not affect your payment or fu...","Validation":{"Settings":{"ForceResponse":"OFF","ForceResponseType":"ON","Type":"None"}},"GradingData":[],"Language":[],"NextChoiceId":4,"NextAnswerId":1,"SearchSource":{"AllowFreeResponse":"false"}}},{"SurveyID":"SV_098KkY834YOPrH8","Element":"SQ","PrimaryAttribute":"QID4","SecondaryAttribute":"Welcome!\u00a0 Before you start, please be assured that there are no right or wrong answers. We are si..","TertiaryAttribute":null,"Payload":{"QuestionText":"<p><u><b>Welcome!&nbsp;<\/b><\/u><\/p>\n\n<p><br \/>\nBefore you start, please be assured that there are no right or wrong answers. We are simply interested in your own decisions and preference. When you are reading the scenarios, please treat it as if you are in the described situation and ensure your responses truly reflect your preference.&nbsp;<\/p>\n\n<p>&nbsp;<\/p>\n\n<p>We appreciate your time and participation very much. Please click the right arrow to start.<\/p>","DefaultChoices":false,"DataExportTag":"intro ","QuestionType":"DB","Selector":"TB","DataVisibility":{"Private":false,"Hidden":false},"Configuration":{"QuestionDescriptionOption":"UseText"},"QuestionDescription":"Welcome!\u00a0 Before you start, please be assured that there are no right or wrong answers. We are si...","ChoiceOrder":[],"Validation":{"Settings":{"Type":"None"}},"GradingData":[],"Language":[],"NextChoiceId":4,"NextAnswerId":1,"QuestionID":"QID4"}},{"SurveyID":"SV_098KkY834YOPrH8","Element":"SQ","PrimaryAttribute":"QID2","SecondaryAttribute":"What are three things that you see in the photo below? (there is no need to answer this question...","TertiaryAttribute":null,"Payload":{"QuestionText":"What are three things that you see in the photo below?<br \/>\n<span style=\"font-size:13px;\"><em>(there is no need to answer this question perfectly - we just want to confirm that you speak English)<\/em><\/span><br \/>\n<br \/>\n<img src=\"https:\/\/wustl.az1.qualtrics.com\/CP\/Graphic.php?IM=IM_6mxZB56PjM9Crqe\" style=\"width: 300px; height: 508px;\" \/>","DefaultChoices":false,"DataExportTag":"english","QuestionType":"TE","Selector":"ESTB","DataVisibility":{"Private":false,"Hidden":false},"Configuration":{"QuestionDescriptionOption":"UseText","InputWidth":620,"InputHeight":140},"QuestionDescription":"What are three things that you see in the photo below? (there is no need to answer this question...","Validation":{"Settings":{"ForceResponse":"ON","ForceResponseType":"ON","Type":"None"}},"GradingData":[],"Language":[],"NextChoiceId":4,"NextAnswerId":1,"SearchSource":{"AllowFreeResponse":"false"},"QuestionID":"QID2"}},{"SurveyID":"SV_098KkY834YOPrH8","Element":"SQ","PrimaryAttribute":"QID3","SecondaryAttribute":"What is your Prolific ID number? (this is just to ensure that there are no issues with you receiv...","TertiaryAttribute":null,"Payload":{"QuestionText":"What is your Prolific ID number?<br \/>\n<span style=\"font-size:13px;\"><em>(this is just to ensure that there are no issues with you receiving credit for participating)<\/em><\/span>","DefaultChoices":false,"DataExportTag":"prolific_id ","QuestionType":"TE","Selector":"SL","DataVisibility":{"Private":false,"Hidden":false},"Configuration":{"QuestionDescriptionOption":"UseText"},"QuestionDescription":"What is your Prolific ID number? (this is just to ensure that there are no issues with you receiv...","Validation":{"Settings":{"ForceResponse":"ON","ForceResponseType":"ON","Type":"None"}},"GradingData":[],"Language":[],"NextChoiceId":4,"NextAnswerId":1,"SearchSource":{"AllowFreeResponse":"false"},"QuestionID":"QID3"}},{"SurveyID":"SV_098KkY834YOPrH8","Element":"SQ","PrimaryAttribute":"QID12","SecondaryAttribute":"What was at the checkout that you were considering buying?","TertiaryAttribute":null,"Payload":{"QuestionText":"What was at the checkout that you were considering buying?","DefaultChoices":false,"DataExportTag":"AC ","QuestionType":"MC","Selector":"SAVR","SubSelector":"TX","DataVisibility":{"Private":false,"Hidden":false},"Configuration":{"QuestionDescriptionOption":"UseText"},"QuestionDescription":"What was at the checkout that you were considering buying?","Choices":{"1":{"Display":"Tasty drink"},"2":{"Display":"Nice socks"},"3":{"Display":"Yummy cookies"},"4":{"Display":"Handmade chocolates"},"5":{"Display":"DIY headphones"}},"ChoiceOrder":[1,2,3,4,5],"Validation":{"Settings":{"ForceResponse":"ON","ForceResponseType":"ON","Type":"None"}},"GradingData":[],"Language":[],"NextChoiceId":6,"NextAnswerId":1,"QuestionID":"QID12","Randomization":{"Advanced":null,"Type":"All","TotalRandSubset":""}}},{"SurveyID":"SV_098KkY834YOPrH8","Element":"SQ","PrimaryAttribute":"QID16","SecondaryAttribute":"Which gender do you identify yourself with?","TertiaryAttribute":null,"Payload":{"QuestionText":"Which gender do you identify yourself with?","DataExportTag":"gender ","QuestionType":"MC","Selector":"SAVR","SubSelector":"TX","DataVisibility":{"Private":false,"Hidden":false},"Configuration":{"QuestionDescriptionOption":"UseText"},"QuestionDescription":"Which gender do you identify yourself with?","Choices":{"1":{"Display":"Male"},"2":{"Display":"Female"},"3":{"Display":"Prefer not to answer"},"4":{"Display":"Other","TextEntry":"true"}},"ChoiceOrder":["1","2","3","4"],"Validation":{"Settings":{"ForceResponse":"ON","ForceResponseType":"ON","Type":"None"}},"Language":[],"NextChoiceId":5,"NextAnswerId":1,"QuestionID":"QID16"}},{"SurveyID":"SV_098KkY834YOPrH8","Element":"SQ","PrimaryAttribute":"QID11","SecondaryAttribute":"You visit the clothing store today. As you are checking out at the clothing store, you see that t...","TertiaryAttribute":null,"Payload":{"QuestionText":"<p>You visit the clothing store today. As you are checking out at the clothing store, you see that the clothing retailer is selling some tasty drinks (e.g., smoothie, latte). All of the drinks cost $5 and you can use your gift card to pay for it.<br \/>\n<br \/>\nHow likely would you be to buy a tasty drink now with your gift card?<\/p>","DefaultChoices":false,"DataExportTag":"dv_used_drink","QuestionType":"Slider","Selector":"HSLIDER","DataVisibility":{"Private":false,"Hidden":false},"Configuration":{"QuestionDescriptionOption":"UseText","CSSliderMin":0,"CSSliderMax":100,"GridLines":10,"SnapToGrid":false,"NumDecimals":"0","ShowValue":true,"CustomStart":false,"NotApplicable":false,"MobileFirst":true},"QuestionDescription":"You visit the clothing store today. As you are checking out at the clothing store, you see that t...","Choices":{"1":{"Display":"Likelihood to buy the tasty drink now with gift card"}},"ChoiceOrder":[1],"Validation":{"Settings":{"ForceResponse":"ON","ForceResponseType":"ON","Type":"None"}},"GradingData":[],"Language":[],"NextChoiceId":2,"NextAnswerId":3,"Labels":{"1":{"Display":"Not at all likely"},"2":{"Display":"Very likely"}},"QuestionID":"QID11","DisplayLogic":{"0":{"0":{"Description":"<span class=\"ConjDesc\">If<\/span>  <span class=\"LeftOpDesc\">drink<\/span> <span class=\"OpDesc\">Is Equal to<\/span> <span class=\"RightOpDesc\"> 1 <\/span>","LeftOperand":"drink","LogicType":"EmbeddedField","Operator":"EqualTo","RightOperand":"1","Type":"Expression"},"1":{"Conjuction":"And","Description":"<span class=\"ConjDesc\">And<\/span>  <span class=\"LeftOpDesc\">used<\/span> <span class=\"OpDesc\">Is Equal to<\/span> <span class=\"RightOpDesc\"> 1 <\/span>","LeftOperand":"used","LogicType":"EmbeddedField","Operator":"EqualTo","RightOperand":"1","Type":"Expression"},"Type":"If"},"Type":"BooleanExpression","inPage":false}}},{"SurveyID":"SV_098KkY834YOPrH8","Element":"SQ","PrimaryAttribute":"QID24","SecondaryAttribute":"You visit the clothing store today. As you are checking out at the clothing store, you see that t...","TertiaryAttribute":null,"Payload":{"QuestionText":"<p>You visit the clothing store today. As you are checking out at the clothing store, you see that the clothing retailer is selling some nice socks (e.g., no-show socks, ankle socks). All of the socks cost $5 a pair and you can use your gift card to pay for it.<br \/>\n<br \/>\nHow likely would you be to buy a pair of nice socks now with your gift card?<\/p>","DefaultChoices":false,"QuestionType":"Slider","Selector":"HSLIDER","DataVisibility":{"Private":false,"Hidden":false},"Configuration":{"QuestionDescriptionOption":"UseText","CSSliderMin":0,"CSSliderMax":100,"GridLines":10,"SnapToGrid":false,"NumDecimals":"0","ShowValue":true,"CustomStart":false,"NotApplicable":false,"MobileFirst":true},"QuestionDescription":"You visit the clothing store today. As you are checking out at the clothing store, you see that t...","Choices":{"1":{"Display":"Likelihood to buy the pair of nice socks now with gift card"}},"ChoiceOrder":[1],"Validation":{"Settings":{"ForceResponse":"ON","ForceResponseType":"ON","Type":"None"}},"GradingData":[],"Language":[],"NextChoiceId":2,"NextAnswerId":3,"Labels":{"1":{"Display":"Not at all likely"},"2":{"Display":"Very likely"}},"QuestionText_Unsafe":"<p>You visit the clothing store today. As you are checking out at the clothing store, you see that the clothing retailer is selling some tasty drinks (e.g., smoothie, latte). All of the drinks cost $5 and you can use your gift card to pay for it.<br \/>\n<br \/>\nHow likely would you be to buy a tasty drink now with your gift card?<\/p>","DataExportTag":"dv_used_socks","QuestionID":"QID24","DisplayLogic":{"0":{"0":{"LogicType":"EmbeddedField","LeftOperand":"drink","Operator":"EqualTo","RightOperand":"0","Type":"Expression","Description":"<span class=\"ConjDesc\">If<\/span>  <span class=\"LeftOpDesc\">drink<\/span> <span class=\"OpDesc\">Is Equal to<\/span> <span class=\"RightOpDesc\"> 0 <\/span>"},"1":{"LogicType":"EmbeddedField","LeftOperand":"used","Operator":"EqualTo","RightOperand":"1","Type":"Expression","Description":"<span class=\"ConjDesc\">And<\/span>  <span class=\"LeftOpDesc\">used<\/span> <span class=\"OpDesc\">Is Equal to<\/span> <span class=\"RightOpDesc\"> 1 <\/span>","Conjuction":"And"},"Type":"If"},"Type":"BooleanExpression","inPage":false}}},{"SurveyID":"SV_098KkY834YOPrH8","Element":"SQ","PrimaryAttribute":"QID27","SecondaryAttribute":"You visit the clothing store today. As you are checking out at the clothing store, you see that t...","TertiaryAttribute":null,"Payload":{"QuestionText":"<p>You visit the clothing store today. As you are checking out at the clothing store, you see that the clothing retailer is selling some nice socks (e.g., no-show socks, ankle socks). All of the socks cost $5 a pair and you can use your gift card to pay for it.<br \/>\n<br \/>\nHow likely would you be to buy a pair of nice socks now with your gift card?<\/p>","DefaultChoices":false,"DataExportTag":"dv_used_no_rp_socks","QuestionType":"Slider","Selector":"HSLIDER","DataVisibility":{"Private":false,"Hidden":false},"Configuration":{"QuestionDescriptionOption":"UseText","CSSliderMin":0,"CSSliderMax":100,"GridLines":10,"SnapToGrid":false,"NumDecimals":"0","ShowValue":true,"CustomStart":false,"NotApplicable":false,"MobileFirst":true},"QuestionDescription":"You visit the clothing store today. As you are checking out at the clothing store, you see that t...","Choices":{"1":{"Display":"Likelihood to buy the pair of nice socks now with gift card"}},"ChoiceOrder":[1],"Validation":{"Settings":{"ForceResponse":"ON","ForceResponseType":"ON","Type":"None"}},"GradingData":[],"Language":[],"NextChoiceId":2,"NextAnswerId":3,"Labels":{"1":{"Display":"Not at all likely"},"2":{"Display":"Very likely"}},"QuestionID":"QID27","DisplayLogic":{"0":{"0":{"LogicType":"EmbeddedField","LeftOperand":"drink","Operator":"EqualTo","RightOperand":"0","Type":"Expression","Description":"<span class=\"ConjDesc\">If<\/span>  <span class=\"LeftOpDesc\">drink<\/span> <span class=\"OpDesc\">Is Equal to<\/span> <span class=\"RightOpDesc\"> 0 <\/span>"},"1":{"LogicType":"EmbeddedField","LeftOperand":"used","Operator":"EqualTo","RightOperand":"0","Type":"Expression","Description":"<span class=\"ConjDesc\">And<\/span>  <span class=\"LeftOpDesc\">used<\/span> <span class=\"OpDesc\">Is Equal to<\/span> <span class=\"RightOpDesc\"> 0 <\/span>","Conjuction":"And"},"Type":"If"},"Type":"BooleanExpression","inPage":false}}},{"SurveyID":"SV_098KkY834YOPrH8","Element":"SQ","PrimaryAttribute":"QID28","SecondaryAttribute":"You visit the clothing store today. As you are checking out at the clothing store, you see that t...","TertiaryAttribute":null,"Payload":{"QuestionText":"<p>You visit the clothing store today. As you are checking out at the clothing store, you see that the clothing retailer is selling some nice socks (e.g., no-show socks, ankle socks). All of the socks cost $5 a pair and you can use your gift card to pay for it.<br \/>\n<br \/>\nHow likely would you be to buy a pair of nice socks now with your gift card?<\/p>","DefaultChoices":false,"DataExportTag":"dv_unused_rp_socks ","QuestionType":"Slider","Selector":"HSLIDER","DataVisibility":{"Private":false,"Hidden":false},"Configuration":{"QuestionDescriptionOption":"UseText","CSSliderMin":0,"CSSliderMax":100,"GridLines":10,"SnapToGrid":false,"NumDecimals":"0","ShowValue":true,"CustomStart":false,"NotApplicable":false,"MobileFirst":true},"QuestionDescription":"You visit the clothing store today. As you are checking out at the clothing store, you see that t...","Choices":{"1":{"Display":"Likelihood to buy the pair of nice socks now with gift card"}},"ChoiceOrder":[1],"Validation":{"Settings":{"ForceResponse":"ON","ForceResponseType":"ON","Type":"None"}},"GradingData":[],"Language":[],"NextChoiceId":2,"NextAnswerId":3,"Labels":{"1":{"Display":"Not at all likely"},"2":{"Display":"Very likely"}},"QuestionID":"QID28","DisplayLogic":{"0":{"0":{"LogicType":"EmbeddedField","LeftOperand":"drink","Operator":"EqualTo","RightOperand":"0","Type":"Expression","Description":"<span class=\"ConjDesc\">If<\/span>  <span class=\"LeftOpDesc\">drink<\/span> <span class=\"OpDesc\">Is Equal to<\/span> <span class=\"RightOpDesc\"> 0 <\/span>"},"1":{"LogicType":"EmbeddedField","LeftOperand":"used","Operator":"EqualTo","RightOperand":"-1","Type":"Expression","Description":"<span class=\"ConjDesc\">And<\/span>  <span class=\"LeftOpDesc\">used<\/span> <span class=\"OpDesc\">Is Equal to<\/span> <span class=\"RightOpDesc\"> -1 <\/span>","Conjuction":"And"},"Type":"If"},"Type":"BooleanExpression","inPage":false}}},{"SurveyID":"SV_098KkY834YOPrH8","Element":"SQ","PrimaryAttribute":"QID29","SecondaryAttribute":"You visit the clothing store today. As you are checking out at the clothing store, you see that t...","TertiaryAttribute":null,"Payload":{"QuestionText":"<p>You visit the clothing store today. As you are checking out at the clothing store, you see that the clothing retailer is selling some tasty drinks (e.g., smoothie, latte). All of the drinks cost $5 and you can use your gift card to pay for it.<br \/>\n<br \/>\nHow likely would you be to buy a tasty drink now with your gift card?<\/p>","DefaultChoices":false,"DataExportTag":"dv_un_no_rp_drink ","QuestionType":"Slider","Selector":"HSLIDER","DataVisibility":{"Private":false,"Hidden":false},"Configuration":{"QuestionDescriptionOption":"UseText","CSSliderMin":0,"CSSliderMax":100,"GridLines":10,"SnapToGrid":false,"NumDecimals":"0","ShowValue":true,"CustomStart":false,"NotApplicable":false,"MobileFirst":true},"QuestionDescription":"You visit the clothing store today. As you are checking out at the clothing store, you see that t...","Choices":{"1":{"Display":"Likelihood to buy the tasty drink now with gift card"}},"ChoiceOrder":[1],"Validation":{"Settings":{"ForceResponse":"ON","ForceResponseType":"ON","Type":"None"}},"GradingData":[],"Language":[],"NextChoiceId":2,"NextAnswerId":3,"Labels":{"1":{"Display":"Not at all likely"},"2":{"Display":"Very likely"}},"QuestionID":"QID29","DisplayLogic":{"0":{"0":{"LogicType":"EmbeddedField","LeftOperand":"drink","Operator":"EqualTo","RightOperand":"1","Type":"Expression","Description":"<span class=\"ConjDesc\">If<\/span>  <span class=\"LeftOpDesc\">drink<\/span> <span class=\"OpDesc\">Is Equal to<\/span> <span class=\"RightOpDesc\"> 1 <\/span>"},"1":{"LogicType":"EmbeddedField","LeftOperand":"used","Operator":"EqualTo","RightOperand":"0","Type":"Expression","Description":"<span class=\"ConjDesc\">And<\/span>  <span class=\"LeftOpDesc\">used<\/span> <span class=\"OpDesc\">Is Equal to<\/span> <span class=\"RightOpDesc\"> 0 <\/span>","Conjuction":"And"},"Type":"If"},"Type":"BooleanExpression","inPage":false}}},{"SurveyID":"SV_098KkY834YOPrH8","Element":"SQ","PrimaryAttribute":"QID30","SecondaryAttribute":"You visit the clothing store today. As you are checking out at the clothing store, you see that t...","TertiaryAttribute":null,"Payload":{"QuestionText":"<p>You visit the clothing store today. As you are checking out at the clothing store, you see that the clothing retailer is selling some tasty drinks (e.g., smoothie, latte). All of the drinks cost $5 and you can use your gift card to pay for it.<br \/>\n<br \/>\nHow likely would you be to buy a tasty drink now with your gift card?<\/p>","DefaultChoices":false,"DataExportTag":"dv_unused_rp_drink ","QuestionType":"Slider","Selector":"HSLIDER","DataVisibility":{"Private":false,"Hidden":false},"Configuration":{"QuestionDescriptionOption":"UseText","CSSliderMin":0,"CSSliderMax":100,"GridLines":10,"SnapToGrid":false,"NumDecimals":"0","ShowValue":true,"CustomStart":false,"NotApplicable":false,"MobileFirst":true},"QuestionDescription":"You visit the clothing store today. As you are checking out at the clothing store, you see that t...","Choices":{"1":{"Display":"Likelihood to buy the tasty drink now with gift card"}},"ChoiceOrder":[1],"Validation":{"Settings":{"ForceResponse":"ON","ForceResponseType":"ON","Type":"None"}},"GradingData":[],"Language":[],"NextChoiceId":2,"NextAnswerId":3,"Labels":{"1":{"Display":"Not at all likely"},"2":{"Display":"Very likely"}},"QuestionID":"QID30","DisplayLogic":{"0":{"0":{"LogicType":"EmbeddedField","LeftOperand":"drink","Operator":"EqualTo","RightOperand":"1","Type":"Expression","Description":"<span class=\"ConjDesc\">If<\/span>  <span class=\"LeftOpDesc\">drink<\/span> <span class=\"OpDesc\">Is Equal to<\/span> <span class=\"RightOpDesc\"> 1 <\/span>"},"1":{"LogicType":"EmbeddedField","LeftOperand":"used","Operator":"EqualTo","RightOperand":"-1","Type":"Expression","Description":"<span class=\"ConjDesc\">And<\/span>  <span class=\"LeftOpDesc\">used<\/span> <span class=\"OpDesc\">Is Equal to<\/span> <span class=\"RightOpDesc\"> -1 <\/span>","Conjuction":"And"},"Type":"If"},"Type":"BooleanExpression","inPage":false}}}]}